
Microsoft Visual Studio Solution File, Format Version 12.00
# Visual Studio Version 17
VisualStudioVersion = 17.2.32616.157
MinimumVisualStudioVersion = 10.0.40219.1
Project("{FAE04EC0-301F-11D3-BF4B-00C04F79EFBC}") = "deneme1", "deneme1\deneme1.csproj", "{0FB223A9-AEBE-41A8-8C86-41E735BF1222}"
EndProject
Global
	GlobalSection(SolutionConfigurationPlatforms) = preSolution
		Debug|Any CPU = Debug|Any CPU
		Release|Any CPU = Release|Any CPU
	EndGlobalSection
	GlobalSection(ProjectConfigurationPlatforms) = postSolution
		{0FB223A9-AEBE-41A8-8C86-41E735BF1222}.Debug|Any CPU.ActiveCfg = Debug|Any CPU
		{0FB223A9-AEBE-41A8-8C86-41E735BF1222}.Debug|Any CPU.Build.0 = Debug|Any CPU
		{0FB223A9-AEBE-41A8-8C86-41E735BF1222}.Release|Any CPU.ActiveCfg = Release|Any CPU
		{0FB223A9-AEBE-41A8-8C86-41E735BF1222}.Release|Any CPU.Build.0 = Release|Any CPU
	EndGlobalSection
	GlobalSection(SolutionProperties) = preSolution
		HideSolutionNode = FALSE
	EndGlobalSection
	GlobalSection(ExtensibilityGlobals) = postSolution
		SolutionGuid = {92A52732-72A0-4C1F-A5E6-1C98633DD2E7}
	EndGlobalSection
EndGlobal
